
Microsoft Visual Studio Solution File, Format Version 12.00
# Visual Studio 15
VisualStudioVersion = 15.0.28307.271
MinimumVisualStudioVersion = 10.0.40219.1
Project("{FAE04EC0-301F-11D3-BF4B-00C04F79EFBC}") = "w5task2", "w5task2\w5task2.csproj", "{182A0C99-DA96-42EA-B8A1-7D7A233936B7}"
EndProject
Global
	GlobalSection(SolutionConfigurationPlatforms) = preSolution
		Debug|Any CPU = Debug|Any CPU
		Release|Any CPU = Release|Any CPU
	EndGlobalSection
	GlobalSection(ProjectConfigurationPlatforms) = postSolution
		{182A0C99-DA96-42EA-B8A1-7D7A233936B7}.Debug|Any CPU.ActiveCfg = Debug|Any CPU
		{182A0C99-DA96-42EA-B8A1-7D7A233936B7}.Debug|Any CPU.Build.0 = Debug|Any CPU
		{182A0C99-DA96-42EA-B8A1-7D7A233936B7}.Release|Any CPU.ActiveCfg = Release|Any CPU
		{182A0C99-DA96-42EA-B8A1-7D7A233936B7}.Release|Any CPU.Build.0 = Release|Any CPU
	EndGlobalSection
	GlobalSection(SolutionProperties) = preSolution
		HideSolutionNode = FALSE
	EndGlobalSection
	GlobalSection(ExtensibilityGlobals) = postSolution
		SolutionGuid = {CD45DE27-ECE3-4A3C-9B09-EEDAD28E1409}
	EndGlobalSection
EndGlobal
