
Microsoft Visual Studio Solution File, Format Version 12.00
# Visual Studio 15
VisualStudioVersion = 15.0.28307.271
MinimumVisualStudioVersion = 10.0.40219.1
Project("{FAE04EC0-301F-11D3-BF4B-00C04F79EFBC}") = "w5task1", "w5task1\w5task1.csproj", "{ABC7FA4D-8B58-499B-BC2A-783633B6600C}"
EndProject
Global
	GlobalSection(SolutionConfigurationPlatforms) = preSolution
		Debug|Any CPU = Debug|Any CPU
		Release|Any CPU = Release|Any CPU
	EndGlobalSection
	GlobalSection(ProjectConfigurationPlatforms) = postSolution
		{ABC7FA4D-8B58-499B-BC2A-783633B6600C}.Debug|Any CPU.ActiveCfg = Debug|Any CPU
		{ABC7FA4D-8B58-499B-BC2A-783633B6600C}.Debug|Any CPU.Build.0 = Debug|Any CPU
		{ABC7FA4D-8B58-499B-BC2A-783633B6600C}.Release|Any CPU.ActiveCfg = Release|Any CPU
		{ABC7FA4D-8B58-499B-BC2A-783633B6600C}.Release|Any CPU.Build.0 = Release|Any CPU
	EndGlobalSection
	GlobalSection(SolutionProperties) = preSolution
		HideSolutionNode = FALSE
	EndGlobalSection
	GlobalSection(ExtensibilityGlobals) = postSolution
		SolutionGuid = {FC2997F6-DA7E-4680-848B-D84C019E54A2}
	EndGlobalSection
EndGlobal
